// !$*UTF8*$!
{
	archiveVersion = 1;
	classes = {
	};
	objectVersion = 56;
	objects = {

/* Begin PBXBuildFile section */
		FB149396295215F900EA1705 /* AppDelegate.swift in Sources */ = {isa = PBXBuildFile; fileRef = FB149395295215F900EA1705 /* AppDelegate.swift */; };
		FB149398295215F900EA1705 /* SceneDelegate.swift in Sources */ = {isa = PBXBuildFile; fileRef = FB149397295215F900EA1705 /* SceneDelegate.swift */; };
		FB14939A295215F900EA1705 /* HomeController.swift in Sources */ = {isa = PBXBuildFile; fileRef = FB149399295215F900EA1705 /* HomeController.swift */; };
		FB14939F295215FB00EA1705 /* Assets.xcassets in Resources */ = {isa = PBXBuildFile; fileRef = FB14939E295215FB00EA1705 /* Assets.xcassets */; };
		FB1493A2295215FB00EA1705 /* LaunchScreen.storyboard in Resources */ = {isa = PBXBuildFile; fileRef = FB1493A0295215FB00EA1705 /* LaunchScreen.storyboard */; };
		FB1493AB2952229600EA1705 /* BottomStackView.swift in Sources */ = {isa = PBXBuildFile; fileRef = FB1493AA2952229600EA1705 /* BottomStackView.swift */; };
		FB1493AD2952257400EA1705 /* TopStackView.swift in Sources */ = {isa = PBXBuildFile; fileRef = FB1493AC2952257400EA1705 /* TopStackView.swift */; };
		FB1493AF2952266A00EA1705 /* MainStackView.swift in Sources */ = {isa = PBXBuildFile; fileRef = FB1493AE2952266A00EA1705 /* MainStackView.swift */; };
		FB1493B129522A9300EA1705 /* CardView.swift in Sources */ = {isa = PBXBuildFile; fileRef = FB1493B029522A9300EA1705 /* CardView.swift */; };
		FB1493B429523CCB00EA1705 /* User.swift in Sources */ = {isa = PBXBuildFile; fileRef = FB1493B329523CCB00EA1705 /* User.swift */; };
		FB1493B82952457400EA1705 /* CardViewModel.swift in Sources */ = {isa = PBXBuildFile; fileRef = FB1493B72952457300EA1705 /* CardViewModel.swift */; };
		FB1493BA2952F07800EA1705 /* Advertiser.swift in Sources */ = {isa = PBXBuildFile; fileRef = FB1493B92952F07800EA1705 /* Advertiser.swift */; };
		FBAC1B6E295349E60035A311 /* RegistrationViewController.swift in Sources */ = {isa = PBXBuildFile; fileRef = FBAC1B6D295349E60035A311 /* RegistrationViewController.swift */; };
		FBAC1B702953634A0035A311 /* CustomTextField.swift in Sources */ = {isa = PBXBuildFile; fileRef = FBAC1B6F2953634A0035A311 /* CustomTextField.swift */; };
		FBAC1B722953856A0035A311 /* RegistrationViewModel.swift in Sources */ = {isa = PBXBuildFile; fileRef = FBAC1B712953856A0035A311 /* RegistrationViewModel.swift */; };
/* End PBXBuildFile section */

/* Begin PBXFileReference section */
		FB149392295215F900EA1705 /* Tinder-Clone.app */ = {isa = PBXFileReference; explicitFileType = wrapper.application; includeInIndex = 0; path = "Tinder-Clone.app"; sourceTree = BUILT_PRODUCTS_DIR; };
		FB149395295215F900EA1705 /* AppDelegate.swift */ = {isa = PBXFileReference; lastKnownFileType = sourcecode.swift; path = AppDelegate.swift; sourceTree = "<group>"; };
		FB149397295215F900EA1705 /* SceneDelegate.swift */ = {isa = PBXFileReference; lastKnownFileType = sourcecode.swift; path = SceneDelegate.swift; sourceTree = "<group>"; };
		FB149399295215F900EA1705 /* HomeController.swift */ = {isa = PBXFileReference; lastKnownFileType = sourcecode.swift; path = HomeController.swift; sourceTree = "<group>"; };
		FB14939E295215FB00EA1705 /* Assets.xcassets */ = {isa = PBXFileReference; lastKnownFileType = folder.assetcatalog; path = Assets.xcassets; sourceTree = "<group>"; };
		FB1493A1295215FB00EA1705 /* Base */ = {isa = PBXFileReference; lastKnownFileType = file.storyboard; name = Base; path = Base.lproj/LaunchScreen.storyboard; sourceTree = "<group>"; };
		FB1493A3295215FB00EA1705 /* Info.plist */ = {isa = PBXFileReference; lastKnownFileType = text.plist.xml; path = Info.plist; sourceTree = "<group>"; };
		FB1493AA2952229600EA1705 /* BottomStackView.swift */ = {isa = PBXFileReference; lastKnownFileType = sourcecode.swift; path = BottomStackView.swift; sourceTree = "<group>"; };
		FB1493AC2952257400EA1705 /* TopStackView.swift */ = {isa = PBXFileReference; lastKnownFileType = sourcecode.swift; path = TopStackView.swift; sourceTree = "<group>"; };
		FB1493AE2952266A00EA1705 /* MainStackView.swift */ = {isa = PBXFileReference; lastKnownFileType = sourcecode.swift; path = MainStackView.swift; sourceTree = "<group>"; };
		FB1493B029522A9300EA1705 /* CardView.swift */ = {isa = PBXFileReference; lastKnownFileType = sourcecode.swift; path = CardView.swift; sourceTree = "<group>"; };
		FB1493B329523CCB00EA1705 /* User.swift */ = {isa = PBXFileReference; lastKnownFileType = sourcecode.swift; path = User.swift; sourceTree = "<group>"; };
		FB1493B72952457300EA1705 /* CardViewModel.swift */ = {isa = PBXFileReference; lastKnownFileType = sourcecode.swift; path = CardViewModel.swift; sourceTree = "<group>"; };
		FB1493B92952F07800EA1705 /* Advertiser.swift */ = {isa = PBXFileReference; lastKnownFileType = sourcecode.swift; path = Advertiser.swift; sourceTree = "<group>"; };
		FBAC1B6D295349E60035A311 /* RegistrationViewController.swift */ = {isa = PBXFileReference; lastKnownFileType = sourcecode.swift; path = RegistrationViewController.swift; sourceTree = "<group>"; };
		FBAC1B6F2953634A0035A311 /* CustomTextField.swift */ = {isa = PBXFileReference; lastKnownFileType = sourcecode.swift; path = CustomTextField.swift; sourceTree = "<group>"; };
		FBAC1B712953856A0035A311 /* RegistrationViewModel.swift */ = {isa = PBXFileReference; lastKnownFileType = sourcecode.swift; path = RegistrationViewModel.swift; sourceTree = "<group>"; };
/* End PBXFileReference section */

/* Begin PBXFrameworksBuildPhase section */
		FB14938F295215F900EA1705 /* Frameworks */ = {
			isa = PBXFrameworksBuildPhase;
			buildActionMask = 2147483647;
			files = (
			);
			runOnlyForDeploymentPostprocessing = 0;
		};
/* End PBXFrameworksBuildPhase section */

/* Begin PBXGroup section */
		FB149389295215F900EA1705 = {
			isa = PBXGroup;
			children = (
				FB149394295215F900EA1705 /* Tinder-Clone */,
				FB149393295215F900EA1705 /* Products */,
			);
			sourceTree = "<group>";
		};
		FB149393295215F900EA1705 /* Products */ = {
			isa = PBXGroup;
			children = (
				FB149392295215F900EA1705 /* Tinder-Clone.app */,
			);
			name = Products;
			sourceTree = "<group>";
		};
		FB149394295215F900EA1705 /* Tinder-Clone */ = {
			isa = PBXGroup;
			children = (
				FB149395295215F900EA1705 /* AppDelegate.swift */,
				FB149397295215F900EA1705 /* SceneDelegate.swift */,
				FB14939E295215FB00EA1705 /* Assets.xcassets */,
				FB1493A0295215FB00EA1705 /* LaunchScreen.storyboard */,
				FB1493A3295215FB00EA1705 /* Info.plist */,
				FB1493B62952456100EA1705 /* ViewModels */,
				FB1493B5295244C800EA1705 /* Controllers */,
				FB1493B229523CBF00EA1705 /* Models */,
				FB1493A92952228300EA1705 /* Views */,
			);
			path = "Tinder-Clone";
			sourceTree = "<group>";
		};
		FB1493A92952228300EA1705 /* Views */ = {
			isa = PBXGroup;
			children = (
				FB1493AA2952229600EA1705 /* BottomStackView.swift */,
				FB1493AC2952257400EA1705 /* TopStackView.swift */,
				FB1493AE2952266A00EA1705 /* MainStackView.swift */,
				FB1493B029522A9300EA1705 /* CardView.swift */,
				FBAC1B6F2953634A0035A311 /* CustomTextField.swift */,
			);
			path = Views;
			sourceTree = "<group>";
		};
		FB1493B229523CBF00EA1705 /* Models */ = {
			isa = PBXGroup;
			children = (
				FB1493B329523CCB00EA1705 /* User.swift */,
				FB1493B92952F07800EA1705 /* Advertiser.swift */,
			);
			path = Models;
			sourceTree = "<group>";
		};
		FB1493B5295244C800EA1705 /* Controllers */ = {
			isa = PBXGroup;
			children = (
				FB149399295215F900EA1705 /* HomeController.swift */,
				FBAC1B6D295349E60035A311 /* RegistrationViewController.swift */,
			);
			path = Controllers;
			sourceTree = "<group>";
		};
		FB1493B62952456100EA1705 /* ViewModels */ = {
			isa = PBXGroup;
			children = (
				FB1493B72952457300EA1705 /* CardViewModel.swift */,
				FBAC1B712953856A0035A311 /* RegistrationViewModel.swift */,
			);
			path = ViewModels;
			sourceTree = "<group>";
		};
/* End PBXGroup section */

/* Begin PBXNativeTarget section */
		FB149391295215F900EA1705 /* Tinder-Clone */ = {
			isa = PBXNativeTarget;
			buildConfigurationList = FB1493A6295215FB00EA1705 /* Build configuration list for PBXNativeTarget "Tinder-Clone" */;
			buildPhases = (
				FB14938E295215F900EA1705 /* Sources */,
				FB14938F295215F900EA1705 /* Frameworks */,
				FB149390295215F900EA1705 /* Resources */,
			);
			buildRules = (
			);
			dependencies = (
			);
			name = "Tinder-Clone";
			productName = "Tinder-Clone";
			productReference = FB149392295215F900EA1705 /* Tinder-Clone.app */;
			productType = "com.apple.product-type.application";
		};
/* End PBXNativeTarget section */

/* Begin PBXProject section */
		FB14938A295215F900EA1705 /* Project object */ = {
			isa = PBXProject;
			attributes = {
				BuildIndependentTargetsInParallel = 1;
				LastSwiftUpdateCheck = 1420;
				LastUpgradeCheck = 1420;
				TargetAttributes = {
					FB149391295215F900EA1705 = {
						CreatedOnToolsVersion = 14.2;
					};
				};
			};
			buildConfigurationList = FB14938D295215F900EA1705 /* Build configuration list for PBXProject "Tinder-Clone" */;
			compatibilityVersion = "Xcode 14.0";
			developmentRegion = en;
			hasScannedForEncodings = 0;
			knownRegions = (
				en,
				Base,
			);
			mainGroup = FB149389295215F900EA1705;
			productRefGroup = FB149393295215F900EA1705 /* Products */;
			projectDirPath = "";
			projectRoot = "";
			targets = (
				FB149391295215F900EA1705 /* Tinder-Clone */,
			);
		};
/* End PBXProject section */

/* Begin PBXResourcesBuildPhase section */
		FB149390295215F900EA1705 /* Resources */ = {
			isa = PBXResourcesBuildPhase;
			buildActionMask = 2147483647;
			files = (
				FB1493A2295215FB00EA1705 /* LaunchScreen.storyboard in Resources */,
				FB14939F295215FB00EA1705 /* Assets.xcassets in Resources */,
			);
			runOnlyForDeploymentPostprocessing = 0;
		};
/* End PBXResourcesBuildPhase section */

/* Begin PBXSourcesBuildPhase section */
		FB14938E295215F900EA1705 /* Sources */ = {
			isa = PBXSourcesBuildPhase;
			buildActionMask = 2147483647;
			files = (
				FB1493BA2952F07800EA1705 /* Advertiser.swift in Sources */,
				FB1493B129522A9300EA1705 /* CardView.swift in Sources */,
				FB14939A295215F900EA1705 /* HomeController.swift in Sources */,
				FBAC1B6E295349E60035A311 /* RegistrationViewController.swift in Sources */,
				FB149396295215F900EA1705 /* AppDelegate.swift in Sources */,
				FB1493AF2952266A00EA1705 /* MainStackView.swift in Sources */,
				FB1493B429523CCB00EA1705 /* User.swift in Sources */,
				FB1493AB2952229600EA1705 /* BottomStackView.swift in Sources */,
				FBAC1B702953634A0035A311 /* CustomTextField.swift in Sources */,
				FBAC1B722953856A0035A311 /* RegistrationViewModel.swift in Sources */,
				FB1493AD2952257400EA1705 /* TopStackView.swift in Sources */,
				FB149398295215F900EA1705 /* SceneDelegate.swift in Sources */,
				FB1493B82952457400EA1705 /* CardViewModel.swift in Sources */,
			);
			runOnlyForDeploymentPostprocessing = 0;
		};
/* End PBXSourcesBuildPhase section */

/* Begin PBXVariantGroup section */
		FB1493A0295215FB00EA1705 /* LaunchScreen.storyboard */ = {
			isa = PBXVariantGroup;
			children = (
				FB1493A1295215FB00EA1705 /* Base */,
			);
			name = LaunchScreen.storyboard;
			sourceTree = "<group>";
		};
/* End PBXVariantGroup section */

/* Begin XCBuildConfiguration section */
		FB1493A4295215FB00EA1705 /* Debug */ = {
			isa = XCBuildConfiguration;
			buildSettings = {
				ALWAYS_SEARCH_USER_PATHS = NO;
				CLANG_ANALYZER_NONNULL = YES;
				CLANG_ANALYZER_NUMBER_OBJECT_CONVERSION = YES_AGGRESSIVE;
				CLANG_CXX_LANGUAGE_STANDARD = "gnu++20";
				CLANG_ENABLE_MODULES = YES;
				CLANG_ENABLE_OBJC_ARC = YES;
				CLANG_ENABLE_OBJC_WEAK = YES;
				CLANG_WARN_BLOCK_CAPTURE_AUTORELEASING = YES;
				CLANG_WARN_BOOL_CONVERSION = YES;
				CLANG_WARN_COMMA = YES;
				CLANG_WARN_CONSTANT_CONVERSION = YES;
				CLANG_WARN_DEPRECATED_OBJC_IMPLEMENTATIONS = YES;
				CLANG_WARN_DIRECT_OBJC_ISA_USAGE = YES_ERROR;
				CLANG_WARN_DOCUMENTATION_COMMENTS = YES;
				CLANG_WARN_EMPTY_BODY = YES;
				CLANG_WARN_ENUM_CONVERSION = YES;
				CLANG_WARN_INFINITE_RECURSION = YES;
				CLANG_WARN_INT_CONVERSION = YES;
				CLANG_WARN_NON_LITERAL_NULL_CONVERSION = YES;
				CLANG_WARN_OBJC_IMPLICIT_RETAIN_SELF = YES;
				CLANG_WARN_OBJC_LITERAL_CONVERSION = YES;
				CLANG_WARN_OBJC_ROOT_CLASS = YES_ERROR;
				CLANG_WARN_QUOTED_INCLUDE_IN_FRAMEWORK_HEADER = YES;
				CLANG_WARN_RANGE_LOOP_ANALYSIS = YES;
				CLANG_WARN_STRICT_PROTOTYPES = YES;
				CLANG_WARN_SUSPICIOUS_MOVE = YES;
				CLANG_WARN_UNGUARDED_AVAILABILITY = YES_AGGRESSIVE;
				CLANG_WARN_UNREACHABLE_CODE = YES;
				CLANG_WARN__DUPLICATE_METHOD_MATCH = YES;
				COPY_PHASE_STRIP = NO;
				DEBUG_INFORMATION_FORMAT = dwarf;
				ENABLE_STRICT_OBJC_MSGSEND = YES;
				ENABLE_TESTABILITY = YES;
				GCC_C_LANGUAGE_STANDARD = gnu11;
				GCC_DYNAMIC_NO_PIC = NO;
				GCC_NO_COMMON_BLOCKS = YES;
				GCC_OPTIMIZATION_LEVEL = 0;
				GCC_PREPROCESSOR_DEFINITIONS = (
					"DEBUG=1",
					"$(inherited)",
				);
				GCC_WARN_64_TO_32_BIT_CONVERSION = YES;
				GCC_WARN_ABOUT_RETURN_TYPE = YES_ERROR;
				GCC_WARN_UNDECLARED_SELECTOR = YES;
				GCC_WARN_UNINITIALIZED_AUTOS = YES_AGGRESSIVE;
				GCC_WARN_UNUSED_FUNCTION = YES;
				GCC_WARN_UNUSED_VARIABLE = YES;
				IPHONEOS_DEPLOYMENT_TARGET = 16.2;
				MTL_ENABLE_DEBUG_INFO = INCLUDE_SOURCE;
				MTL_FAST_MATH = YES;
				ONLY_ACTIVE_ARCH = YES;
				SDKROOT = iphoneos;
				SWIFT_ACTIVE_COMPILATION_CONDITIONS = DEBUG;
				SWIFT_OPTIMIZATION_LEVEL = "-Onone";
			};
			name = Debug;
		};
		FB1493A5295215FB00EA1705 /* Release */ = {
			isa = XCBuildConfiguration;
			buildSettings = {
				ALWAYS_SEARCH_USER_PATHS = NO;
				CLANG_ANALYZER_NONNULL = YES;
				CLANG_ANALYZER_NUMBER_OBJECT_CONVERSION = YES_AGGRESSIVE;
				CLANG_CXX_LANGUAGE_STANDARD = "gnu++20";
				CLANG_ENABLE_MODULES = YES;
				CLANG_ENABLE_OBJC_ARC = YES;
				CLANG_ENABLE_OBJC_WEAK = YES;
				CLANG_WARN_BLOCK_CAPTURE_AUTORELEASING = YES;
				CLANG_WARN_BOOL_CONVERSION = YES;
				CLANG_WARN_COMMA = YES;
				CLANG_WARN_CONSTANT_CONVERSION = YES;
				CLANG_WARN_DEPRECATED_OBJC_IMPLEMENTATIONS = YES;
				CLANG_WARN_DIRECT_OBJC_ISA_USAGE = YES_ERROR;
				CLANG_WARN_DOCUMENTATION_COMMENTS = YES;
				CLANG_WARN_EMPTY_BODY = YES;
				CLANG_WARN_ENUM_CONVERSION = YES;
				CLANG_WARN_INFINITE_RECURSION = YES;
				CLANG_WARN_INT_CONVERSION = YES;
				CLANG_WARN_NON_LITERAL_NULL_CONVERSION = YES;
				CLANG_WARN_OBJC_IMPLICIT_RETAIN_SELF = YES;
				CLANG_WARN_OBJC_LITERAL_CONVERSION = YES;
				CLANG_WARN_OBJC_ROOT_CLASS = YES_ERROR;
				CLANG_WARN_QUOTED_INCLUDE_IN_FRAMEWORK_HEADER = YES;
				CLANG_WARN_RANGE_LOOP_ANALYSIS = YES;
				CLANG_WARN_STRICT_PROTOTYPES = YES;
				CLANG_WARN_SUSPICIOUS_MOVE = YES;
				CLANG_WARN_UNGUARDED_AVAILABILITY = YES_AGGRESSIVE;
				CLANG_WARN_UNREACHABLE_CODE = YES;
				CLANG_WARN__DUPLICATE_METHOD_MATCH = YES;
				COPY_PHASE_STRIP = NO;
				DEBUG_INFORMATION_FORMAT = "dwarf-with-dsym";
				ENABLE_NS_ASSERTIONS = NO;
				ENABLE_STRICT_OBJC_MSGSEND = YES;
				GCC_C_LANGUAGE_STANDARD = gnu11;
				GCC_NO_COMMON_BLOCKS = YES;
				GCC_WARN_64_TO_32_BIT_CONVERSION = YES;
				GCC_WARN_ABOUT_RETURN_TYPE = YES_ERROR;
				GCC_WARN_UNDECLARED_SELECTOR = YES;
				GCC_WARN_UNINITIALIZED_AUTOS = YES_AGGRESSIVE;
				GCC_WARN_UNUSED_FUNCTION = YES;
				GCC_WARN_UNUSED_VARIABLE = YES;
				IPHONEOS_DEPLOYMENT_TARGET = 16.2;
				MTL_ENABLE_DEBUG_INFO = NO;
				MTL_FAST_MATH = YES;
				SDKROOT = iphoneos;
				SWIFT_COMPILATION_MODE = wholemodule;
				SWIFT_OPTIMIZATION_LEVEL = "-O";
				VALIDATE_PRODUCT = YES;
			};
			name = Release;
		};
		FB1493A7295215FB00EA1705 /* Debug */ = {
			isa = XCBuildConfiguration;
			buildSettings = {
				ASSETCATALOG_COMPILER_APPICON_NAME = AppIcon;
				ASSETCATALOG_COMPILER_GLOBAL_ACCENT_COLOR_NAME = AccentColor;
				CODE_SIGN_STYLE = Automatic;
				CURRENT_PROJECT_VERSION = 1;
				DEVELOPMENT_TEAM = HG8VJQPKXZ;
				GENERATE_INFOPLIST_FILE = YES;
				INFOPLIST_FILE = "Tinder-Clone/Info.plist";
				INFOPLIST_KEY_UIApplicationSupportsIndirectInputEvents = YES;
				INFOPLIST_KEY_UILaunchStoryboardName = LaunchScreen;
				INFOPLIST_KEY_UISupportedInterfaceOrientations = UIInterfaceOrientationPortrait;
				INFOPLIST_KEY_UISupportedInterfaceOrientations_iPad = "UIInterfaceOrientationLandscapeLeft UIInterfaceOrientationLandscapeRight UIInterfaceOrientationPortrait UIInterfaceOrientationPortraitUpsideDown";
				LD_RUNPATH_SEARCH_PATHS = (
					"$(inherited)",
					"@executable_path/Frameworks",
				);
				MARKETING_VERSION = 1.0;
				PRODUCT_BUNDLE_IDENTIFIER = "dev.nsemir.Tinder-Clone";
				PRODUCT_NAME = "$(TARGET_NAME)";
				SUPPORTED_PLATFORMS = "iphoneos iphonesimulator";
				SUPPORTS_MACCATALYST = NO;
				SUPPORTS_MAC_DESIGNED_FOR_IPHONE_IPAD = NO;
				SWIFT_EMIT_LOC_STRINGS = YES;
				SWIFT_VERSION = 5.0;
				TARGETED_DEVICE_FAMILY = 1;
			};
			name = Debug;
		};
		FB1493A8295215FB00EA1705 /* Release */ = {
			isa = XCBuildConfiguration;
			buildSettings = {
				ASSETCATALOG_COMPILER_APPICON_NAME = AppIcon;
				ASSETCATALOG_COMPILER_GLOBAL_ACCENT_COLOR_NAME = AccentColor;
				CODE_SIGN_STYLE = Automatic;
				CURRENT_PROJECT_VERSION = 1;
				DEVELOPMENT_TEAM = HG8VJQPKXZ;
				GENERATE_INFOPLIST_FILE = YES;
				INFOPLIST_FILE = "Tinder-Clone/Info.plist";
				INFOPLIST_KEY_UIApplicationSupportsIndirectInputEvents = YES;
				INFOPLIST_KEY_UILaunchStoryboardName = LaunchScreen;
				INFOPLIST_KEY_UISupportedInterfaceOrientations = UIInterfaceOrientationPortrait;
				INFOPLIST_KEY_UISupportedInterfaceOrientations_iPad = "UIInterfaceOrientationLandscapeLeft UIInterfaceOrientationLandscapeRight UIInterfaceOrientationPortrait UIInterfaceOrientationPortraitUpsideDown";
				LD_RUNPATH_SEARCH_PATHS = (
					"$(inherited)",
					"@executable_path/Frameworks",
				);
				MARKETING_VERSION = 1.0;
				PRODUCT_BUNDLE_IDENTIFIER = "dev.nsemir.Tinder-Clone";
				PRODUCT_NAME = "$(TARGET_NAME)";
				SUPPORTED_PLATFORMS = "iphoneos iphonesimulator";
				SUPPORTS_MACCATALYST = NO;
				SUPPORTS_MAC_DESIGNED_FOR_IPHONE_IPAD = NO;
				SWIFT_EMIT_LOC_STRINGS = YES;
				SWIFT_VERSION = 5.0;
				TARGETED_DEVICE_FAMILY = 1;
			};
			name = Release;
		};
/* End XCBuildConfiguration section */

/* Begin XCConfigurationList section */
		FB14938D295215F900EA1705 /* Build configuration list for PBXProject "Tinder-Clone" */ = {
			isa = XCConfigurationList;
			buildConfigurations = (
				FB1493A4295215FB00EA1705 /* Debug */,
				FB1493A5295215FB00EA1705 /* Release */,
			);
			defaultConfigurationIsVisible = 0;
			defaultConfigurationName = Release;
		};
		FB1493A6295215FB00EA1705 /* Build configuration list for PBXNativeTarget "Tinder-Clone" */ = {
			isa = XCConfigurationList;
			buildConfigurations = (
				FB1493A7295215FB00EA1705 /* Debug */,
				FB1493A8295215FB00EA1705 /* Release */,
			);
			defaultConfigurationIsVisible = 0;
			defaultConfigurationName = Release;
		};
/* End XCConfigurationList section */
	};
	rootObject = FB14938A295215F900EA1705 /* Project object */;
}
